
Microsoft Visual Studio Solution File, Format Version 12.00
# Visual Studio Version 16
VisualStudioVersion = 16.0.31613.86
MinimumVisualStudioVersion = 10.0.40219.1
Project("{FAE04EC0-301F-11D3-BF4B-00C04F79EFBC}") = "theRoof4.Android", "theRoof4\theRoof4.Android\theRoof4.Android.csproj", "{751BE04A-1B3E-47DC-8710-57F452B2CA4E}"
EndProject
Project("{FAE04EC0-301F-11D3-BF4B-00C04F79EFBC}") = "theRoof4.iOS", "theRoof4\theRoof4.iOS\theRoof4.iOS.csproj", "{F85AB670-0721-4567-894E-3B4632417E56}"
EndProject
Project("{FAE04EC0-301F-11D3-BF4B-00C04F79EFBC}") = "theRoof4", "theRoof4\theRoof4\theRoof4.csproj", "{B34D50DE-2A4A-40CC-BE18-28708728FE46}"
EndProject
Global
	GlobalSection(SolutionConfigurationPlatforms) = preSolution
		Debug|Any CPU = Debug|Any CPU
		Debug|iPhone = Debug|iPhone
		Debug|iPhoneSimulator = Debug|iPhoneSimulator
		Release|Any CPU = Release|Any CPU
		Release|iPhone = Release|iPhone
		Release|iPhoneSimulator = Release|iPhoneSimulator
	EndGlobalSection
	GlobalSection(ProjectConfigurationPlatforms) = postSolution
		{751BE04A-1B3E-47DC-8710-57F452B2CA4E}.Debug|Any CPU.ActiveCfg = Debug|Any CPU
		{751BE04A-1B3E-47DC-8710-57F452B2CA4E}.Debug|Any CPU.Build.0 = Debug|Any CPU
		{751BE04A-1B3E-47DC-8710-57F452B2CA4E}.Debug|Any CPU.Deploy.0 = Debug|Any CPU
		{751BE04A-1B3E-47DC-8710-57F452B2CA4E}.Debug|iPhone.ActiveCfg = Debug|Any CPU
		{751BE04A-1B3E-47DC-8710-57F452B2CA4E}.Debug|iPhone.Build.0 = Debug|Any CPU
		{751BE04A-1B3E-47DC-8710-57F452B2CA4E}.Debug|iPhone.Deploy.0 = Debug|Any CPU
		{751BE04A-1B3E-47DC-8710-57F452B2CA4E}.Debug|iPhoneSimulator.ActiveCfg = Debug|Any CPU
		{751BE04A-1B3E-47DC-8710-57F452B2CA4E}.Debug|iPhoneSimulator.Build.0 = Debug|Any CPU
		{751BE04A-1B3E-47DC-8710-57F452B2CA4E}.Debug|iPhoneSimulator.Deploy.0 = Debug|Any CPU
		{751BE04A-1B3E-47DC-8710-57F452B2CA4E}.Release|Any CPU.ActiveCfg = Release|Any CPU
		{751BE04A-1B3E-47DC-8710-57F452B2CA4E}.Release|Any CPU.Build.0 = Release|Any CPU
		{751BE04A-1B3E-47DC-8710-57F452B2CA4E}.Release|Any CPU.Deploy.0 = Release|Any CPU
		{751BE04A-1B3E-47DC-8710-57F452B2CA4E}.Release|iPhone.ActiveCfg = Release|Any CPU
		{751BE04A-1B3E-47DC-8710-57F452B2CA4E}.Release|iPhone.Build.0 = Release|Any CPU
		{751BE04A-1B3E-47DC-8710-57F452B2CA4E}.Release|iPhone.Deploy.0 = Release|Any CPU
		{751BE04A-1B3E-47DC-8710-57F452B2CA4E}.Release|iPhoneSimulator.ActiveCfg = Release|Any CPU
		{751BE04A-1B3E-47DC-8710-57F452B2CA4E}.Release|iPhoneSimulator.Build.0 = Release|Any CPU
		{751BE04A-1B3E-47DC-8710-57F452B2CA4E}.Release|iPhoneSimulator.Deploy.0 = Release|Any CPU
		{F85AB670-0721-4567-894E-3B4632417E56}.Debug|Any CPU.ActiveCfg = Debug|iPhone
		{F85AB670-0721-4567-894E-3B4632417E56}.Debug|Any CPU.Build.0 = Debug|iPhone
		{F85AB670-0721-4567-894E-3B4632417E56}.Debug|Any CPU.Deploy.0 = Debug|iPhone
		{F85AB670-0721-4567-894E-3B4632417E56}.Debug|iPhone.ActiveCfg = Debug|iPhone
		{F85AB670-0721-4567-894E-3B4632417E56}.Debug|iPhone.Build.0 = Debug|iPhone
		{F85AB670-0721-4567-894E-3B4632417E56}.Debug|iPhone.Deploy.0 = Debug|iPhone
		{F85AB670-0721-4567-894E-3B4632417E56}.Debug|iPhoneSimulator.ActiveCfg = Debug|iPhoneSimulator
		{F85AB670-0721-4567-894E-3B4632417E56}.Debug|iPhoneSimulator.Build.0 = Debug|iPhoneSimulator
		{F85AB670-0721-4567-894E-3B4632417E56}.Debug|iPhoneSimulator.Deploy.0 = Debug|iPhoneSimulator
		{F85AB670-0721-4567-894E-3B4632417E56}.Release|Any CPU.ActiveCfg = Release|iPhoneSimulator
		{F85AB670-0721-4567-894E-3B4632417E56}.Release|Any CPU.Build.0 = Release|iPhoneSimulator
		{F85AB670-0721-4567-894E-3B4632417E56}.Release|Any CPU.Deploy.0 = Release|iPhoneSimulator
		{F85AB670-0721-4567-894E-3B4632417E56}.Release|iPhone.ActiveCfg = Release|iPhone
		{F85AB670-0721-4567-894E-3B4632417E56}.Release|iPhone.Build.0 = Release|iPhone
		{F85AB670-0721-4567-894E-3B4632417E56}.Release|iPhone.Deploy.0 = Release|iPhone
		{F85AB670-0721-4567-894E-3B4632417E56}.Release|iPhoneSimulator.ActiveCfg = Release|iPhoneSimulator
		{F85AB670-0721-4567-894E-3B4632417E56}.Release|iPhoneSimulator.Build.0 = Release|iPhoneSimulator
		{F85AB670-0721-4567-894E-3B4632417E56}.Release|iPhoneSimulator.Deploy.0 = Release|iPhoneSimulator
		{B34D50DE-2A4A-40CC-BE18-28708728FE46}.Debug|Any CPU.ActiveCfg = Debug|Any CPU
		{B34D50DE-2A4A-40CC-BE18-28708728FE46}.Debug|Any CPU.Build.0 = Debug|Any CPU
		{B34D50DE-2A4A-40CC-BE18-28708728FE46}.Debug|Any CPU.Deploy.0 = Debug|Any CPU
		{B34D50DE-2A4A-40CC-BE18-28708728FE46}.Debug|iPhone.ActiveCfg = Debug|Any CPU
		{B34D50DE-2A4A-40CC-BE18-28708728FE46}.Debug|iPhone.Build.0 = Debug|Any CPU
		{B34D50DE-2A4A-40CC-BE18-28708728FE46}.Debug|iPhone.Deploy.0 = Debug|Any CPU
		{B34D50DE-2A4A-40CC-BE18-28708728FE46}.Debug|iPhoneSimulator.ActiveCfg = Debug|Any CPU
		{B34D50DE-2A4A-40CC-BE18-28708728FE46}.Debug|iPhoneSimulator.Build.0 = Debug|Any CPU
		{B34D50DE-2A4A-40CC-BE18-28708728FE46}.Debug|iPhoneSimulator.Deploy.0 = Debug|Any CPU
		{B34D50DE-2A4A-40CC-BE18-28708728FE46}.Release|Any CPU.ActiveCfg = Release|Any CPU
		{B34D50DE-2A4A-40CC-BE18-28708728FE46}.Release|Any CPU.Build.0 = Release|Any CPU
		{B34D50DE-2A4A-40CC-BE18-28708728FE46}.Release|Any CPU.Deploy.0 = Release|Any CPU
		{B34D50DE-2A4A-40CC-BE18-28708728FE46}.Release|iPhone.ActiveCfg = Release|Any CPU
		{B34D50DE-2A4A-40CC-BE18-28708728FE46}.Release|iPhone.Build.0 = Release|Any CPU
		{B34D50DE-2A4A-40CC-BE18-28708728FE46}.Release|iPhone.Deploy.0 = Release|Any CPU
		{B34D50DE-2A4A-40CC-BE18-28708728FE46}.Release|iPhoneSimulator.ActiveCfg = Release|Any CPU
		{B34D50DE-2A4A-40CC-BE18-28708728FE46}.Release|iPhoneSimulator.Build.0 = Release|Any CPU
		{B34D50DE-2A4A-40CC-BE18-28708728FE46}.Release|iPhoneSimulator.Deploy.0 = Release|Any CPU
	EndGlobalSection
	GlobalSection(SolutionProperties) = preSolution
		HideSolutionNode = FALSE
	EndGlobalSection
	GlobalSection(ExtensibilityGlobals) = postSolution
		SolutionGuid = {90F74DB6-1AD5-4F92-BADF-1FC8764705E8}
	EndGlobalSection
EndGlobal
